
Microsoft Visual Studio Solution File, Format Version 11.00
# Visual Studio 2010
Project("{FAE04EC0-301F-11D3-BF4B-00C04F79EFBC}") = "UsersControl", "UsersControl\UsersControl.csproj", "{8D27ABDE-6F63-48F9-8EE1-A23A6571C283}"
EndProject
Project("{FAE04EC0-301F-11D3-BF4B-00C04F79EFBC}") = "UsersControl.Test", "UsersControlTest\UsersControl.Test.csproj", "{D6A329ED-1907-436B-AA8F-04323B48D5A2}"
EndProject
Project("{2150E333-8FDC-42A3-9474-1A3956D46DE8}") = "Solution Items", "Solution Items", "{17B38FD6-A57F-49BA-9F5E-656854A10AF1}"
	ProjectSection(SolutionItems) = preProject
		Local.testsettings = Local.testsettings
		TraceAndTestImpact.testsettings = TraceAndTestImpact.testsettings
		UsersControl.vsmdi = UsersControl.vsmdi
	EndProjectSection
EndProject
Project("{FAE04EC0-301F-11D3-BF4B-00C04F79EFBC}") = "UsersControl.Core", "UsersControl.Core\UsersControl.Core.csproj", "{3E7155BE-05B0-45AD-92D6-545F0F5F6277}"
EndProject
Global
	GlobalSection(TestCaseManagementSettings) = postSolution
		CategoryFile = UsersControl.vsmdi
	EndGlobalSection
	GlobalSection(SolutionConfigurationPlatforms) = preSolution
		Debug|Any CPU = Debug|Any CPU
		Debug|Mixed Platforms = Debug|Mixed Platforms
		Debug|x86 = Debug|x86
		Release|Any CPU = Release|Any CPU
		Release|Mixed Platforms = Release|Mixed Platforms
		Release|x86 = Release|x86
	EndGlobalSection
	GlobalSection(ProjectConfigurationPlatforms) = postSolution
		{8D27ABDE-6F63-48F9-8EE1-A23A6571C283}.Debug|Any CPU.ActiveCfg = Debug|x86
		{8D27ABDE-6F63-48F9-8EE1-A23A6571C283}.Debug|Mixed Platforms.ActiveCfg = Debug|x86
		{8D27ABDE-6F63-48F9-8EE1-A23A6571C283}.Debug|Mixed Platforms.Build.0 = Debug|x86
		{8D27ABDE-6F63-48F9-8EE1-A23A6571C283}.Debug|x86.ActiveCfg = Debug|x86
		{8D27ABDE-6F63-48F9-8EE1-A23A6571C283}.Debug|x86.Build.0 = Debug|x86
		{8D27ABDE-6F63-48F9-8EE1-A23A6571C283}.Release|Any CPU.ActiveCfg = Release|x86
		{8D27ABDE-6F63-48F9-8EE1-A23A6571C283}.Release|Mixed Platforms.ActiveCfg = Release|x86
		{8D27ABDE-6F63-48F9-8EE1-A23A6571C283}.Release|Mixed Platforms.Build.0 = Release|x86
		{8D27ABDE-6F63-48F9-8EE1-A23A6571C283}.Release|x86.ActiveCfg = Release|x86
		{8D27ABDE-6F63-48F9-8EE1-A23A6571C283}.Release|x86.Build.0 = Release|x86
		{D6A329ED-1907-436B-AA8F-04323B48D5A2}.Debug|Any CPU.ActiveCfg = Debug|Any CPU
		{D6A329ED-1907-436B-AA8F-04323B48D5A2}.Debug|Any CPU.Build.0 = Debug|Any CPU
		{D6A329ED-1907-436B-AA8F-04323B48D5A2}.Debug|Mixed Platforms.ActiveCfg = Debug|Any CPU
		{D6A329ED-1907-436B-AA8F-04323B48D5A2}.Debug|Mixed Platforms.Build.0 = Debug|Any CPU
		{D6A329ED-1907-436B-AA8F-04323B48D5A2}.Debug|x86.ActiveCfg = Debug|Any CPU
		{D6A329ED-1907-436B-AA8F-04323B48D5A2}.Release|Any CPU.ActiveCfg = Release|Any CPU
		{D6A329ED-1907-436B-AA8F-04323B48D5A2}.Release|Any CPU.Build.0 = Release|Any CPU
		{D6A329ED-1907-436B-AA8F-04323B48D5A2}.Release|Mixed Platforms.ActiveCfg = Release|Any CPU
		{D6A329ED-1907-436B-AA8F-04323B48D5A2}.Release|Mixed Platforms.Build.0 = Release|Any CPU
		{D6A329ED-1907-436B-AA8F-04323B48D5A2}.Release|x86.ActiveCfg = Release|Any CPU
		{3E7155BE-05B0-45AD-92D6-545F0F5F6277}.Debug|Any CPU.ActiveCfg = Debug|Any CPU
		{3E7155BE-05B0-45AD-92D6-545F0F5F6277}.Debug|Any CPU.Build.0 = Debug|Any CPU
		{3E7155BE-05B0-45AD-92D6-545F0F5F6277}.Debug|Mixed Platforms.ActiveCfg = Debug|Any CPU
		{3E7155BE-05B0-45AD-92D6-545F0F5F6277}.Debug|Mixed Platforms.Build.0 = Debug|Any CPU
		{3E7155BE-05B0-45AD-92D6-545F0F5F6277}.Debug|x86.ActiveCfg = Debug|Any CPU
		{3E7155BE-05B0-45AD-92D6-545F0F5F6277}.Release|Any CPU.ActiveCfg = Release|Any CPU
		{3E7155BE-05B0-45AD-92D6-545F0F5F6277}.Release|Any CPU.Build.0 = Release|Any CPU
		{3E7155BE-05B0-45AD-92D6-545F0F5F6277}.Release|Mixed Platforms.ActiveCfg = Release|Any CPU
		{3E7155BE-05B0-45AD-92D6-545F0F5F6277}.Release|Mixed Platforms.Build.0 = Release|Any CPU
		{3E7155BE-05B0-45AD-92D6-545F0F5F6277}.Release|x86.ActiveCfg = Release|Any CPU
	EndGlobalSection
	GlobalSection(SolutionProperties) = preSolution
		HideSolutionNode = FALSE
	EndGlobalSection
EndGlobal
